{
  "version": 4,
  "terraform_version": "1.3.4",
  "serial": 72,
  "lineage": "02458e8e-f878-1f5b-9915-125a06746840",
  "outputs": {},
  "resources": [
    {
      "mode": "data",
      "type": "aws_iam_policy_document",
      "name": "deny_buckets_public_access_doc",
      "provider": "provider[\"registry.terraform.io/hashicorp/aws\"]",
      "instances": [
        {
          "schema_version": 0,
          "attributes": {
            "id": "3691409338",
            "json": "{\n  \"Version\": \"2012-10-17\",\n  \"Statement\": [\n    {\n      \"Sid\": \"DenyS3BucketsPublicAccess\",\n      \"Effect\": \"Deny\",\n      \"Action\": [\n        \"s3:PutBucketPublicAccessBlock\",\n        \"s3:DeletePublicAccessBlock\"\n      ],\n      \"Resource\": \"*\"\n    }\n  ]\n}",
            "override_json": null,
            "override_policy_documents": null,
            "policy_id": null,
            "source_json": null,
            "source_policy_documents": null,
            "statement": [
              {
                "actions": [
                  "s3:DeletePublicAccessBlock",
                  "s3:PutBucketPublicAccessBlock"
                ],
                "condition": [],
                "effect": "Deny",
                "not_actions": [],
                "not_principals": [],
                "not_resources": [],
                "principals": [],
                "resources": [
                  "*"
                ],
                "sid": "DenyS3BucketsPublicAccess"
              }
            ],
            "version": "2012-10-17"
          },
          "sensitive_attributes": []
        }
      ]
    },
    {
      "mode": "data",
      "type": "aws_iam_policy_document",
      "name": "deny_unencrypted_uploads",
      "provider": "provider[\"registry.terraform.io/hashicorp/aws\"]",
      "instances": [
        {
          "schema_version": 0,
          "attributes": {
            "id": "2028053273",
            "json": "{\n  \"Version\": \"2012-10-17\",\n  \"Statement\": [\n    {\n      \"Sid\": \"DenyUnencryptedUploads\",\n      \"Effect\": \"Deny\",\n      \"Action\": \"s3:PutObject\",\n      \"Resource\": \"arn:aws:s3:::*/*\",\n      \"Condition\": {\n        \"Null\": {\n          \"s3:x-amz-server-side-encryption\": \"true\"\n        }\n      }\n    }\n  ]\n}",
            "override_json": null,
            "override_policy_documents": null,
            "policy_id": null,
            "source_json": null,
            "source_policy_documents": null,
            "statement": [
              {
                "actions": [
                  "s3:PutObject"
                ],
                "condition": [
                  {
                    "test": "Null",
                    "values": [
                      "true"
                    ],
                    "variable": "s3:x-amz-server-side-encryption"
                  }
                ],
                "effect": "Deny",
                "not_actions": [],
                "not_principals": [],
                "not_resources": [],
                "principals": [],
                "resources": [
                  "arn:aws:s3:::*/*"
                ],
                "sid": "DenyUnencryptedUploads"
              }
            ],
            "version": "2012-10-17"
          },
          "sensitive_attributes": []
        }
      ]
    },
    {
      "mode": "data",
      "type": "aws_iam_policy_document",
      "name": "s3_region_lockdown_document",
      "provider": "provider[\"registry.terraform.io/hashicorp/aws\"]",
      "instances": [
        {
          "schema_version": 0,
          "attributes": {
            "id": "3651919950",
            "json": "{\n  \"Version\": \"2012-10-17\",\n  \"Statement\": [\n    {\n      \"Sid\": \"S3RegionLockdown\",\n      \"Effect\": \"Deny\",\n      \"NotAction\": \"s3:CreateBucket\",\n      \"Resource\": \"*\",\n      \"Condition\": {\n        \"StringNotEqualsIgnoreCase\": {\n          \"aws:RequestedRegion\": \"us-east-1\"\n        }\n      }\n    }\n  ]\n}",
            "override_json": null,
            "override_policy_documents": null,
            "policy_id": null,
            "source_json": null,
            "source_policy_documents": null,
            "statement": [
              {
                "actions": [],
                "condition": [
                  {
                    "test": "StringNotEqualsIgnoreCase",
                    "values": [
                      "us-east-1"
                    ],
                    "variable": "aws:RequestedRegion"
                  }
                ],
                "effect": "Deny",
                "not_actions": [
                  "s3:CreateBucket"
                ],
                "not_principals": [],
                "not_resources": [],
                "principals": [],
                "resources": [
                  "*"
                ],
                "sid": "S3RegionLockdown"
              }
            ],
            "version": "2012-10-17"
          },
          "sensitive_attributes": []
        }
      ]
    },
    {
      "mode": "managed",
      "type": "aws_organizations_policy",
      "name": "deny_buckets_public_access",
      "provider": "provider[\"registry.terraform.io/hashicorp/aws\"]",
      "instances": [
        {
          "schema_version": 0,
          "attributes": {
            "arn": "arn:aws:organizations::293695346124:policy/o-8fmgrjpbd5/service_control_policy/p-wcd1xzou",
            "content": "{\n  \"Version\": \"2012-10-17\",\n  \"Statement\": [\n    {\n      \"Sid\": \"DenyS3BucketsPublicAccess\",\n      \"Effect\": \"Deny\",\n      \"Action\": [\n        \"s3:PutBucketPublicAccessBlock\",\n        \"s3:DeletePublicAccessBlock\"\n      ],\n      \"Resource\": \"*\"\n    }\n  ]\n}",
            "description": "Deny public S3 Access",
            "id": "p-wcd1xzou",
            "name": "Deny s3 Public Access",
            "skip_destroy": null,
            "tags": null,
            "tags_all": {},
            "type": "SERVICE_CONTROL_POLICY"
          },
          "sensitive_attributes": [],
          "private": "bnVsbA==",
          "dependencies": [
            "data.aws_iam_policy_document.deny_buckets_public_access_doc"
          ]
        }
      ]
    },
    {
      "mode": "managed",
      "type": "aws_organizations_policy",
      "name": "deny_unencrypted_uploads",
      "provider": "provider[\"registry.terraform.io/hashicorp/aws\"]",
      "instances": [
        {
          "schema_version": 0,
          "attributes": {
            "arn": "arn:aws:organizations::293695346124:policy/o-8fmgrjpbd5/service_control_policy/p-2wdhn3hd",
            "content": "{\n  \"Version\": \"2012-10-17\",\n  \"Statement\": [\n    {\n      \"Sid\": \"DenyUnencryptedUploads\",\n      \"Effect\": \"Deny\",\n      \"Action\": \"s3:PutObject\",\n      \"Resource\": \"arn:aws:s3:::*/*\",\n      \"Condition\": {\n        \"Null\": {\n          \"s3:x-amz-server-side-encryption\": \"true\"\n        }\n      }\n    }\n  ]\n}",
            "description": "Deny the ability to upload an unencrypted S3 Object.",
            "id": "p-2wdhn3hd",
            "name": "Deny Unencrypted S3 Uploads",
            "skip_destroy": null,
            "tags": null,
            "tags_all": {},
            "type": "SERVICE_CONTROL_POLICY"
          },
          "sensitive_attributes": [],
          "private": "bnVsbA==",
          "dependencies": [
            "data.aws_iam_policy_document.deny_unencrypted_uploads"
          ]
        }
      ]
    },
    {
      "mode": "managed",
      "type": "aws_organizations_policy",
      "name": "s3_region_lockdown_policy",
      "provider": "provider[\"registry.terraform.io/hashicorp/aws\"]",
      "instances": [
        {
          "schema_version": 0,
          "attributes": {
            "arn": "arn:aws:organizations::293695346124:policy/o-8fmgrjpbd5/service_control_policy/p-2px29ibl",
            "content": "{\n  \"Version\": \"2012-10-17\",\n  \"Statement\": [\n    {\n      \"Sid\": \"S3RegionLockdown\",\n      \"Effect\": \"Deny\",\n      \"NotAction\": \"s3:CreateBucket\",\n      \"Resource\": \"*\",\n      \"Condition\": {\n        \"StringNotEqualsIgnoreCase\": {\n          \"aws:RequestedRegion\": \"us-east-1\"\n        }\n      }\n    }\n  ]\n}",
            "description": "Restricts the region(s) where S3 buckets can be created.",
            "id": "p-2px29ibl",
            "name": "Restrict S3 Regions",
            "skip_destroy": null,
            "tags": null,
            "tags_all": {},
            "type": "SERVICE_CONTROL_POLICY"
          },
          "sensitive_attributes": [],
          "private": "bnVsbA==",
          "dependencies": [
            "data.aws_iam_policy_document.s3_region_lockdown_document"
          ]
        }
      ]
    },
    {
      "mode": "managed",
      "type": "aws_organizations_policy_attachment",
      "name": "deny_buckets_public_access_attachment",
      "provider": "provider[\"registry.terraform.io/hashicorp/aws\"]",
      "instances": [
        {
          "schema_version": 0,
          "attributes": {
            "id": "919611311137:p-wcd1xzou",
            "policy_id": "p-wcd1xzou",
            "skip_destroy": null,
            "target_id": "919611311137"
          },
          "sensitive_attributes": [],
          "private": "bnVsbA==",
          "dependencies": [
            "aws_organizations_policy.deny_buckets_public_access",
            "data.aws_iam_policy_document.deny_buckets_public_access_doc"
          ]
        }
      ]
    },
    {
      "mode": "managed",
      "type": "aws_organizations_policy_attachment",
      "name": "deny_unencrypted_uploads_attachment",
      "provider": "provider[\"registry.terraform.io/hashicorp/aws\"]",
      "instances": [
        {
          "index_key": 0,
          "schema_version": 0,
          "attributes": {
            "id": "919611311137:p-2wdhn3hd",
            "policy_id": "p-2wdhn3hd",
            "skip_destroy": null,
            "target_id": "919611311137"
          },
          "sensitive_attributes": [],
          "private": "bnVsbA==",
          "dependencies": [
            "aws_organizations_policy.deny_unencrypted_uploads",
            "data.aws_iam_policy_document.deny_unencrypted_uploads"
          ]
        }
      ]
    },
    {
      "mode": "managed",
      "type": "aws_organizations_policy_attachment",
      "name": "s3_region_lockdown_attachment",
      "provider": "provider[\"registry.terraform.io/hashicorp/aws\"]",
      "instances": [
        {
          "schema_version": 0,
          "attributes": {
            "id": "919611311137:p-2px29ibl",
            "policy_id": "p-2px29ibl",
            "skip_destroy": null,
            "target_id": "919611311137"
          },
          "sensitive_attributes": [],
          "private": "bnVsbA==",
          "dependencies": [
            "aws_organizations_policy.s3_region_lockdown_policy",
            "data.aws_iam_policy_document.s3_region_lockdown_document"
          ]
        }
      ]
    }
  ],
  "check_results": null
}
